
Microsoft Visual Studio Solution File, Format Version 12.00
# Visual Studio Version 17
VisualStudioVersion = 17.4.33205.214
MinimumVisualStudioVersion = 10.0.40219.1
Project("{FAE04EC0-301F-11D3-BF4B-00C04F79EFBC}") = "RPGDemage", "RPGDemage\RPGDemage.csproj", "{7935F8C5-A296-416D-8229-3118F3E0251D}"
EndProject
Global
	GlobalSection(SolutionConfigurationPlatforms) = preSolution
		Debug|Any CPU = Debug|Any CPU
		Release|Any CPU = Release|Any CPU
	EndGlobalSection
	GlobalSection(ProjectConfigurationPlatforms) = postSolution
		{7935F8C5-A296-416D-8229-3118F3E0251D}.Debug|Any CPU.ActiveCfg = Debug|Any CPU
		{7935F8C5-A296-416D-8229-3118F3E0251D}.Debug|Any CPU.Build.0 = Debug|Any CPU
		{7935F8C5-A296-416D-8229-3118F3E0251D}.Release|Any CPU.ActiveCfg = Release|Any CPU
		{7935F8C5-A296-416D-8229-3118F3E0251D}.Release|Any CPU.Build.0 = Release|Any CPU
	EndGlobalSection
	GlobalSection(SolutionProperties) = preSolution
		HideSolutionNode = FALSE
	EndGlobalSection
	GlobalSection(ExtensibilityGlobals) = postSolution
		SolutionGuid = {BCD9CAA0-E330-4201-AD88-1812533F4610}
	EndGlobalSection
EndGlobal
